// !$*UTF8*$!
{
	archiveVersion = 1;
	classes = {
	};
	objectVersion = 55;
	objects = {

/* Begin PBXBuildFile section */
		77B7E16327789095008BB7FA /* AppDelegate.swift in Sources */ = {isa = PBXBuildFile; fileRef = 77B7E16227789095008BB7FA /* AppDelegate.swift */; };
		77B7E16527789096008BB7FA /* SceneDelegate.swift in Sources */ = {isa = PBXBuildFile; fileRef = 77B7E16427789096008BB7FA /* SceneDelegate.swift */; };
		77B7E16727789096008BB7FA /* ViewController.swift in Sources */ = {isa = PBXBuildFile; fileRef = 77B7E16627789096008BB7FA /* ViewController.swift */; };
		77B7E16A27789096008BB7FA /* Main.storyboard in Resources */ = {isa = PBXBuildFile; fileRef = 77B7E16827789096008BB7FA /* Main.storyboard */; };
		77B7E16C27789096008BB7FA /* Assets.xcassets in Resources */ = {isa = PBXBuildFile; fileRef = 77B7E16B27789096008BB7FA /* Assets.xcassets */; };
		77B7E16F27789096008BB7FA /* LaunchScreen.storyboard in Resources */ = {isa = PBXBuildFile; fileRef = 77B7E16D27789096008BB7FA /* LaunchScreen.storyboard */; };
		77B7E17A27789097008BB7FA /* MagicJTHTests.swift in Sources */ = {isa = PBXBuildFile; fileRef = 77B7E17927789097008BB7FA /* MagicJTHTests.swift */; };
		77B7E18427789097008BB7FA /* MagicJTHUITests.swift in Sources */ = {isa = PBXBuildFile; fileRef = 77B7E18327789097008BB7FA /* MagicJTHUITests.swift */; };
		77B7E18627789097008BB7FA /* MagicJTHUITestsLaunchTests.swift in Sources */ = {isa = PBXBuildFile; fileRef = 77B7E18527789097008BB7FA /* MagicJTHUITestsLaunchTests.swift */; };
/* End PBXBuildFile section */

/* Begin PBXContainerItemProxy section */
		77B7E17627789097008BB7FA /* PBXContainerItemProxy */ = {
			isa = PBXContainerItemProxy;
			containerPortal = 77B7E15727789095008BB7FA /* Project object */;
			proxyType = 1;
			remoteGlobalIDString = 77B7E15E27789095008BB7FA;
			remoteInfo = MagicJTH;
		};
		77B7E18027789097008BB7FA /* PBXContainerItemProxy */ = {
			isa = PBXContainerItemProxy;
			containerPortal = 77B7E15727789095008BB7FA /* Project object */;
			proxyType = 1;
			remoteGlobalIDString = 77B7E15E27789095008BB7FA;
			remoteInfo = MagicJTH;
		};
/* End PBXContainerItemProxy section */

/* Begin PBXFileReference section */
		77B7E15F27789095008BB7FA /* MagicJTH.app */ = {isa = PBXFileReference; explicitFileType = wrapper.application; includeInIndex = 0; path = MagicJTH.app; sourceTree = BUILT_PRODUCTS_DIR; };
		77B7E16227789095008BB7FA /* AppDelegate.swift */ = {isa = PBXFileReference; lastKnownFileType = sourcecode.swift; path = AppDelegate.swift; sourceTree = "<group>"; };
		77B7E16427789096008BB7FA /* SceneDelegate.swift */ = {isa = PBXFileReference; lastKnownFileType = sourcecode.swift; path = SceneDelegate.swift; sourceTree = "<group>"; };
		77B7E16627789096008BB7FA /* ViewController.swift */ = {isa = PBXFileReference; lastKnownFileType = sourcecode.swift; path = ViewController.swift; sourceTree = "<group>"; };
		77B7E16927789096008BB7FA /* Base */ = {isa = PBXFileReference; lastKnownFileType = file.storyboard; name = Base; path = Base.lproj/Main.storyboard; sourceTree = "<group>"; };
		77B7E16B27789096008BB7FA /* Assets.xcassets */ = {isa = PBXFileReference; lastKnownFileType = folder.assetcatalog; path = Assets.xcassets; sourceTree = "<group>"; };
		77B7E16E27789096008BB7FA /* Base */ = {isa = PBXFileReference; lastKnownFileType = file.storyboard; name = Base; path = Base.lproj/LaunchScreen.storyboard; sourceTree = "<group>"; };
		77B7E17027789096008BB7FA /* Info.plist */ = {isa = PBXFileReference; lastKnownFileType = text.plist.xml; path = Info.plist; sourceTree = "<group>"; };
		77B7E17527789097008BB7FA /* MagicJTHTests.xctest */ = {isa = PBXFileReference; explicitFileType = wrapper.cfbundle; includeInIndex = 0; path = MagicJTHTests.xctest; sourceTree = BUILT_PRODUCTS_DIR; };
		77B7E17927789097008BB7FA /* MagicJTHTests.swift */ = {isa = PBXFileReference; lastKnownFileType = sourcecode.swift; path = MagicJTHTests.swift; sourceTree = "<group>"; };
		77B7E17F27789097008BB7FA /* MagicJTHUITests.xctest */ = {isa = PBXFileReference; explicitFileType = wrapper.cfbundle; includeInIndex = 0; path = MagicJTHUITests.xctest; sourceTree = BUILT_PRODUCTS_DIR; };
		77B7E18327789097008BB7FA /* MagicJTHUITests.swift */ = {isa = PBXFileReference; lastKnownFileType = sourcecode.swift; path = MagicJTHUITests.swift; sourceTree = "<group>"; };
		77B7E18527789097008BB7FA /* MagicJTHUITestsLaunchTests.swift */ = {isa = PBXFileReference; lastKnownFileType = sourcecode.swift; path = MagicJTHUITestsLaunchTests.swift; sourceTree = "<group>"; };
/* End PBXFileReference section */

/* Begin PBXFrameworksBuildPhase section */
		77B7E15C27789095008BB7FA /* Frameworks */ = {
			isa = PBXFrameworksBuildPhase;
			buildActionMask = 2147483647;
			files = (
			);
			runOnlyForDeploymentPostprocessing = 0;
		};
		77B7E17227789097008BB7FA /* Frameworks */ = {
			isa = PBXFrameworksBuildPhase;
			buildActionMask = 2147483647;
			files = (
			);
			runOnlyForDeploymentPostprocessing = 0;
		};
		77B7E17C27789097008BB7FA /* Frameworks */ = {
			isa = PBXFrameworksBuildPhase;
			buildActionMask = 2147483647;
			files = (
			);
			runOnlyForDeploymentPostprocessing = 0;
		};
/* End PBXFrameworksBuildPhase section */

/* Begin PBXGroup section */
		77B7E15627789095008BB7FA = {
			isa = PBXGroup;
			children = (
				77B7E16127789095008BB7FA /* MagicJTH */,
				77B7E17827789097008BB7FA /* MagicJTHTests */,
				77B7E18227789097008BB7FA /* MagicJTHUITests */,
				77B7E16027789095008BB7FA /* Products */,
			);
			sourceTree = "<group>";
		};
		77B7E16027789095008BB7FA /* Products */ = {
			isa = PBXGroup;
			children = (
				77B7E15F27789095008BB7FA /* MagicJTH.app */,
				77B7E17527789097008BB7FA /* MagicJTHTests.xctest */,
				77B7E17F27789097008BB7FA /* MagicJTHUITests.xctest */,
			);
			name = Products;
			sourceTree = "<group>";
		};
		77B7E16127789095008BB7FA /* MagicJTH */ = {
			isa = PBXGroup;
			children = (
				77B7E16227789095008BB7FA /* AppDelegate.swift */,
				77B7E16427789096008BB7FA /* SceneDelegate.swift */,
				77B7E16627789096008BB7FA /* ViewController.swift */,
				77B7E16827789096008BB7FA /* Main.storyboard */,
				77B7E16B27789096008BB7FA /* Assets.xcassets */,
				77B7E16D27789096008BB7FA /* LaunchScreen.storyboard */,
				77B7E17027789096008BB7FA /* Info.plist */,
			);
			path = MagicJTH;
			sourceTree = "<group>";
		};
		77B7E17827789097008BB7FA /* MagicJTHTests */ = {
			isa = PBXGroup;
			children = (
				77B7E17927789097008BB7FA /* MagicJTHTests.swift */,
			);
			path = MagicJTHTests;
			sourceTree = "<group>";
		};
		77B7E18227789097008BB7FA /* MagicJTHUITests */ = {
			isa = PBXGroup;
			children = (
				77B7E18327789097008BB7FA /* MagicJTHUITests.swift */,
				77B7E18527789097008BB7FA /* MagicJTHUITestsLaunchTests.swift */,
			);
			path = MagicJTHUITests;
			sourceTree = "<group>";
		};
/* End PBXGroup section */

/* Begin PBXNativeTarget section */
		77B7E15E27789095008BB7FA /* MagicJTH */ = {
			isa = PBXNativeTarget;
			buildConfigurationList = 77B7E18927789097008BB7FA /* Build configuration list for PBXNativeTarget "MagicJTH" */;
			buildPhases = (
				77B7E15B27789095008BB7FA /* Sources */,
				77B7E15C27789095008BB7FA /* Frameworks */,
				77B7E15D27789095008BB7FA /* Resources */,
			);
			buildRules = (
			);
			dependencies = (
			);
			name = MagicJTH;
			productName = MagicJTH;
			productReference = 77B7E15F27789095008BB7FA /* MagicJTH.app */;
			productType = "com.apple.product-type.application";
		};
		77B7E17427789097008BB7FA /* MagicJTHTests */ = {
			isa = PBXNativeTarget;
			buildConfigurationList = 77B7E18C27789097008BB7FA /* Build configuration list for PBXNativeTarget "MagicJTHTests" */;
			buildPhases = (
				77B7E17127789097008BB7FA /* Sources */,
				77B7E17227789097008BB7FA /* Frameworks */,
				77B7E17327789097008BB7FA /* Resources */,
			);
			buildRules = (
			);
			dependencies = (
				77B7E17727789097008BB7FA /* PBXTargetDependency */,
			);
			name = MagicJTHTests;
			productName = MagicJTHTests;
			productReference = 77B7E17527789097008BB7FA /* MagicJTHTests.xctest */;
			productType = "com.apple.product-type.bundle.unit-test";
		};
		77B7E17E27789097008BB7FA /* MagicJTHUITests */ = {
			isa = PBXNativeTarget;
			buildConfigurationList = 77B7E18F27789097008BB7FA /* Build configuration list for PBXNativeTarget "MagicJTHUITests" */;
			buildPhases = (
				77B7E17B27789097008BB7FA /* Sources */,
				77B7E17C27789097008BB7FA /* Frameworks */,
				77B7E17D27789097008BB7FA /* Resources */,
			);
			buildRules = (
			);
			dependencies = (
				77B7E18127789097008BB7FA /* PBXTargetDependency */,
			);
			name = MagicJTHUITests;
			productName = MagicJTHUITests;
			productReference = 77B7E17F27789097008BB7FA /* MagicJTHUITests.xctest */;
			productType = "com.apple.product-type.bundle.ui-testing";
		};
/* End PBXNativeTarget section */

/* Begin PBXProject section */
		77B7E15727789095008BB7FA /* Project object */ = {
			isa = PBXProject;
			attributes = {
				BuildIndependentTargetsInParallel = 1;
				LastSwiftUpdateCheck = 1310;
				LastUpgradeCheck = 1310;
				TargetAttributes = {
					77B7E15E27789095008BB7FA = {
						CreatedOnToolsVersion = 13.1;
					};
					77B7E17427789097008BB7FA = {
						CreatedOnToolsVersion = 13.1;
						TestTargetID = 77B7E15E27789095008BB7FA;
					};
					77B7E17E27789097008BB7FA = {
						CreatedOnToolsVersion = 13.1;
						TestTargetID = 77B7E15E27789095008BB7FA;
					};
				};
			};
			buildConfigurationList = 77B7E15A27789095008BB7FA /* Build configuration list for PBXProject "MagicJTH" */;
			compatibilityVersion = "Xcode 13.0";
			developmentRegion = en;
			hasScannedForEncodings = 0;
			knownRegions = (
				en,
				Base,
			);
			mainGroup = 77B7E15627789095008BB7FA;
			productRefGroup = 77B7E16027789095008BB7FA /* Products */;
			projectDirPath = "";
			projectRoot = "";
			targets = (
				77B7E15E27789095008BB7FA /* MagicJTH */,
				77B7E17427789097008BB7FA /* MagicJTHTests */,
				77B7E17E27789097008BB7FA /* MagicJTHUITests */,
			);
		};
/* End PBXProject section */

/* Begin PBXResourcesBuildPhase section */
		77B7E15D27789095008BB7FA /* Resources */ = {
			isa = PBXResourcesBuildPhase;
			buildActionMask = 2147483647;
			files = (
				77B7E16F27789096008BB7FA /* LaunchScreen.storyboard in Resources */,
				77B7E16C27789096008BB7FA /* Assets.xcassets in Resources */,
				77B7E16A27789096008BB7FA /* Main.storyboard in Resources */,
			);
			runOnlyForDeploymentPostprocessing = 0;
		};
		77B7E17327789097008BB7FA /* Resources */ = {
			isa = PBXResourcesBuildPhase;
			buildActionMask = 2147483647;
			files = (
			);
			runOnlyForDeploymentPostprocessing = 0;
		};
		77B7E17D27789097008BB7FA /* Resources */ = {
			isa = PBXResourcesBuildPhase;
			buildActionMask = 2147483647;
			files = (
			);
			runOnlyForDeploymentPostprocessing = 0;
		};
/* End PBXResourcesBuildPhase section */

/* Begin PBXSourcesBuildPhase section */
		77B7E15B27789095008BB7FA /* Sources */ = {
			isa = PBXSourcesBuildPhase;
			buildActionMask = 2147483647;
			files = (
				77B7E16727789096008BB7FA /* ViewController.swift in Sources */,
				77B7E16327789095008BB7FA /* AppDelegate.swift in Sources */,
				77B7E16527789096008BB7FA /* SceneDelegate.swift in Sources */,
			);
			runOnlyForDeploymentPostprocessing = 0;
		};
		77B7E17127789097008BB7FA /* Sources */ = {
			isa = PBXSourcesBuildPhase;
			buildActionMask = 2147483647;
			files = (
				77B7E17A27789097008BB7FA /* MagicJTHTests.swift in Sources */,
			);
			runOnlyForDeploymentPostprocessing = 0;
		};
		77B7E17B27789097008BB7FA /* Sources */ = {
			isa = PBXSourcesBuildPhase;
			buildActionMask = 2147483647;
			files = (
				77B7E18627789097008BB7FA /* MagicJTHUITestsLaunchTests.swift in Sources */,
				77B7E18427789097008BB7FA /* MagicJTHUITests.swift in Sources */,
			);
			runOnlyForDeploymentPostprocessing = 0;
		};
/* End PBXSourcesBuildPhase section */

/* Begin PBXTargetDependency section */
		77B7E17727789097008BB7FA /* PBXTargetDependency */ = {
			isa = PBXTargetDependency;
			target = 77B7E15E27789095008BB7FA /* MagicJTH */;
			targetProxy = 77B7E17627789097008BB7FA /* PBXContainerItemProxy */;
		};
		77B7E18127789097008BB7FA /* PBXTargetDependency */ = {
			isa = PBXTargetDependency;
			target = 77B7E15E27789095008BB7FA /* MagicJTH */;
			targetProxy = 77B7E18027789097008BB7FA /* PBXContainerItemProxy */;
		};
/* End PBXTargetDependency section */

/* Begin PBXVariantGroup section */
		77B7E16827789096008BB7FA /* Main.storyboard */ = {
			isa = PBXVariantGroup;
			children = (
				77B7E16927789096008BB7FA /* Base */,
			);
			name = Main.storyboard;
			sourceTree = "<group>";
		};
		77B7E16D27789096008BB7FA /* LaunchScreen.storyboard */ = {
			isa = PBXVariantGroup;
			children = (
				77B7E16E27789096008BB7FA /* Base */,
			);
			name = LaunchScreen.storyboard;
			sourceTree = "<group>";
		};
/* End PBXVariantGroup section */

/* Begin XCBuildConfiguration section */
		77B7E18727789097008BB7FA /* Debug */ = {
			isa = XCBuildConfiguration;
			buildSettings = {
				ALWAYS_SEARCH_USER_PATHS = NO;
				CLANG_ANALYZER_NONNULL = YES;
				CLANG_ANALYZER_NUMBER_OBJECT_CONVERSION = YES_AGGRESSIVE;
				CLANG_CXX_LANGUAGE_STANDARD = "gnu++17";
				CLANG_CXX_LIBRARY = "libc++";
				CLANG_ENABLE_MODULES = YES;
				CLANG_ENABLE_OBJC_ARC = YES;
				CLANG_ENABLE_OBJC_WEAK = YES;
				CLANG_WARN_BLOCK_CAPTURE_AUTORELEASING = YES;
				CLANG_WARN_BOOL_CONVERSION = YES;
				CLANG_WARN_COMMA = YES;
				CLANG_WARN_CONSTANT_CONVERSION = YES;
				CLANG_WARN_DEPRECATED_OBJC_IMPLEMENTATIONS = YES;
				CLANG_WARN_DIRECT_OBJC_ISA_USAGE = YES_ERROR;
				CLANG_WARN_DOCUMENTATION_COMMENTS = YES;
				CLANG_WARN_EMPTY_BODY = YES;
				CLANG_WARN_ENUM_CONVERSION = YES;
				CLANG_WARN_INFINITE_RECURSION = YES;
				CLANG_WARN_INT_CONVERSION = YES;
				CLANG_WARN_NON_LITERAL_NULL_CONVERSION = YES;
				CLANG_WARN_OBJC_IMPLICIT_RETAIN_SELF = YES;
				CLANG_WARN_OBJC_LITERAL_CONVERSION = YES;
				CLANG_WARN_OBJC_ROOT_CLASS = YES_ERROR;
				CLANG_WARN_QUOTED_INCLUDE_IN_FRAMEWORK_HEADER = YES;
				CLANG_WARN_RANGE_LOOP_ANALYSIS = YES;
				CLANG_WARN_STRICT_PROTOTYPES = YES;
				CLANG_WARN_SUSPICIOUS_MOVE = YES;
				CLANG_WARN_UNGUARDED_AVAILABILITY = YES_AGGRESSIVE;
				CLANG_WARN_UNREACHABLE_CODE = YES;
				CLANG_WARN__DUPLICATE_METHOD_MATCH = YES;
				COPY_PHASE_STRIP = NO;
				DEBUG_INFORMATION_FORMAT = dwarf;
				ENABLE_STRICT_OBJC_MSGSEND = YES;
				ENABLE_TESTABILITY = YES;
				GCC_C_LANGUAGE_STANDARD = gnu11;
				GCC_DYNAMIC_NO_PIC = NO;
				GCC_NO_COMMON_BLOCKS = YES;
				GCC_OPTIMIZATION_LEVEL = 0;
				GCC_PREPROCESSOR_DEFINITIONS = (
					"DEBUG=1",
					"$(inherited)",
				);
				GCC_WARN_64_TO_32_BIT_CONVERSION = YES;
				GCC_WARN_ABOUT_RETURN_TYPE = YES_ERROR;
				GCC_WARN_UNDECLARED_SELECTOR = YES;
				GCC_WARN_UNINITIALIZED_AUTOS = YES_AGGRESSIVE;
				GCC_WARN_UNUSED_FUNCTION = YES;
				GCC_WARN_UNUSED_VARIABLE = YES;
				IPHONEOS_DEPLOYMENT_TARGET = 15.0;
				MTL_ENABLE_DEBUG_INFO = INCLUDE_SOURCE;
				MTL_FAST_MATH = YES;
				ONLY_ACTIVE_ARCH = YES;
				SDKROOT = iphoneos;
				SWIFT_ACTIVE_COMPILATION_CONDITIONS = DEBUG;
				SWIFT_OPTIMIZATION_LEVEL = "-Onone";
			};
			name = Debug;
		};
		77B7E18827789097008BB7FA /* Release */ = {
			isa = XCBuildConfiguration;
			buildSettings = {
				ALWAYS_SEARCH_USER_PATHS = NO;
				CLANG_ANALYZER_NONNULL = YES;
				CLANG_ANALYZER_NUMBER_OBJECT_CONVERSION = YES_AGGRESSIVE;
				CLANG_CXX_LANGUAGE_STANDARD = "gnu++17";
				CLANG_CXX_LIBRARY = "libc++";
				CLANG_ENABLE_MODULES = YES;
				CLANG_ENABLE_OBJC_ARC = YES;
				CLANG_ENABLE_OBJC_WEAK = YES;
				CLANG_WARN_BLOCK_CAPTURE_AUTORELEASING = YES;
				CLANG_WARN_BOOL_CONVERSION = YES;
				CLANG_WARN_COMMA = YES;
				CLANG_WARN_CONSTANT_CONVERSION = YES;
				CLANG_WARN_DEPRECATED_OBJC_IMPLEMENTATIONS = YES;
				CLANG_WARN_DIRECT_OBJC_ISA_USAGE = YES_ERROR;
				CLANG_WARN_DOCUMENTATION_COMMENTS = YES;
				CLANG_WARN_EMPTY_BODY = YES;
				CLANG_WARN_ENUM_CONVERSION = YES;
				CLANG_WARN_INFINITE_RECURSION = YES;
				CLANG_WARN_INT_CONVERSION = YES;
				CLANG_WARN_NON_LITERAL_NULL_CONVERSION = YES;
				CLANG_WARN_OBJC_IMPLICIT_RETAIN_SELF = YES;
				CLANG_WARN_OBJC_LITERAL_CONVERSION = YES;
				CLANG_WARN_OBJC_ROOT_CLASS = YES_ERROR;
				CLANG_WARN_QUOTED_INCLUDE_IN_FRAMEWORK_HEADER = YES;
				CLANG_WARN_RANGE_LOOP_ANALYSIS = YES;
				CLANG_WARN_STRICT_PROTOTYPES = YES;
				CLANG_WARN_SUSPICIOUS_MOVE = YES;
				CLANG_WARN_UNGUARDED_AVAILABILITY = YES_AGGRESSIVE;
				CLANG_WARN_UNREACHABLE_CODE = YES;
				CLANG_WARN__DUPLICATE_METHOD_MATCH = YES;
				COPY_PHASE_STRIP = NO;
				DEBUG_INFORMATION_FORMAT = "dwarf-with-dsym";
				ENABLE_NS_ASSERTIONS = NO;
				ENABLE_STRICT_OBJC_MSGSEND = YES;
				GCC_C_LANGUAGE_STANDARD = gnu11;
				GCC_NO_COMMON_BLOCKS = YES;
				GCC_WARN_64_TO_32_BIT_CONVERSION = YES;
				GCC_WARN_ABOUT_RETURN_TYPE = YES_ERROR;
				GCC_WARN_UNDECLARED_SELECTOR = YES;
				GCC_WARN_UNINITIALIZED_AUTOS = YES_AGGRESSIVE;
				GCC_WARN_UNUSED_FUNCTION = YES;
				GCC_WARN_UNUSED_VARIABLE = YES;
				IPHONEOS_DEPLOYMENT_TARGET = 15.0;
				MTL_ENABLE_DEBUG_INFO = NO;
				MTL_FAST_MATH = YES;
				SDKROOT = iphoneos;
				SWIFT_COMPILATION_MODE = wholemodule;
				SWIFT_OPTIMIZATION_LEVEL = "-O";
				VALIDATE_PRODUCT = YES;
			};
			name = Release;
		};
		77B7E18A27789097008BB7FA /* Debug */ = {
			isa = XCBuildConfiguration;
			buildSettings = {
				ASSETCATALOG_COMPILER_APPICON_NAME = AppIcon;
				ASSETCATALOG_COMPILER_GLOBAL_ACCENT_COLOR_NAME = AccentColor;
				CODE_SIGN_STYLE = Automatic;
				CURRENT_PROJECT_VERSION = 1;
				DEVELOPMENT_TEAM = LDZV5X4959;
				GENERATE_INFOPLIST_FILE = YES;
				INFOPLIST_FILE = MagicJTH/Info.plist;
				INFOPLIST_KEY_UIApplicationSupportsIndirectInputEvents = YES;
				INFOPLIST_KEY_UILaunchStoryboardName = LaunchScreen;
				INFOPLIST_KEY_UIMainStoryboardFile = Main;
				INFOPLIST_KEY_UISupportedInterfaceOrientations_iPad = "UIInterfaceOrientationPortrait UIInterfaceOrientationPortraitUpsideDown UIInterfaceOrientationLandscapeLeft UIInterfaceOrientationLandscapeRight";
				INFOPLIST_KEY_UISupportedInterfaceOrientations_iPhone = "UIInterfaceOrientationPortrait UIInterfaceOrientationLandscapeLeft UIInterfaceOrientationLandscapeRight";
				LD_RUNPATH_SEARCH_PATHS = (
					"$(inherited)",
					"@executable_path/Frameworks",
				);
				MARKETING_VERSION = 1.0;
				PRODUCT_BUNDLE_IDENTIFIER = com.javiertorne.MagicJTH;
				PRODUCT_NAME = "$(TARGET_NAME)";
				SWIFT_EMIT_LOC_STRINGS = YES;
				SWIFT_VERSION = 5.0;
				TARGETED_DEVICE_FAMILY = "1,2";
			};
			name = Debug;
		};
		77B7E18B27789097008BB7FA /* Release */ = {
			isa = XCBuildConfiguration;
			buildSettings = {
				ASSETCATALOG_COMPILER_APPICON_NAME = AppIcon;
				ASSETCATALOG_COMPILER_GLOBAL_ACCENT_COLOR_NAME = AccentColor;
				CODE_SIGN_STYLE = Automatic;
				CURRENT_PROJECT_VERSION = 1;
				DEVELOPMENT_TEAM = LDZV5X4959;
				GENERATE_INFOPLIST_FILE = YES;
				INFOPLIST_FILE = MagicJTH/Info.plist;
				INFOPLIST_KEY_UIApplicationSupportsIndirectInputEvents = YES;
				INFOPLIST_KEY_UILaunchStoryboardName = LaunchScreen;
				INFOPLIST_KEY_UIMainStoryboardFile = Main;
				INFOPLIST_KEY_UISupportedInterfaceOrientations_iPad = "UIInterfaceOrientationPortrait UIInterfaceOrientationPortraitUpsideDown UIInterfaceOrientationLandscapeLeft UIInterfaceOrientationLandscapeRight";
				INFOPLIST_KEY_UISupportedInterfaceOrientations_iPhone = "UIInterfaceOrientationPortrait UIInterfaceOrientationLandscapeLeft UIInterfaceOrientationLandscapeRight";
				LD_RUNPATH_SEARCH_PATHS = (
					"$(inherited)",
					"@executable_path/Frameworks",
				);
				MARKETING_VERSION = 1.0;
				PRODUCT_BUNDLE_IDENTIFIER = com.javiertorne.MagicJTH;
				PRODUCT_NAME = "$(TARGET_NAME)";
				SWIFT_EMIT_LOC_STRINGS = YES;
				SWIFT_VERSION = 5.0;
				TARGETED_DEVICE_FAMILY = "1,2";
			};
			name = Release;
		};
		77B7E18D27789097008BB7FA /* Debug */ = {
			isa = XCBuildConfiguration;
			buildSettings = {
				ALWAYS_EMBED_SWIFT_STANDARD_LIBRARIES = YES;
				BUNDLE_LOADER = "$(TEST_HOST)";
				CODE_SIGN_STYLE = Automatic;
				CURRENT_PROJECT_VERSION = 1;
				DEVELOPMENT_TEAM = LDZV5X4959;
				GENERATE_INFOPLIST_FILE = YES;
				IPHONEOS_DEPLOYMENT_TARGET = 15.0;
				LD_RUNPATH_SEARCH_PATHS = (
					"$(inherited)",
					"@executable_path/Frameworks",
					"@loader_path/Frameworks",
				);
				MARKETING_VERSION = 1.0;
				PRODUCT_BUNDLE_IDENTIFIER = com.javiertorne.MagicJTHTests;
				PRODUCT_NAME = "$(TARGET_NAME)";
				SWIFT_EMIT_LOC_STRINGS = NO;
				SWIFT_VERSION = 5.0;
				TARGETED_DEVICE_FAMILY = "1,2";
				TEST_HOST = "$(BUILT_PRODUCTS_DIR)/MagicJTH.app/MagicJTH";
			};
			name = Debug;
		};
		77B7E18E27789097008BB7FA /* Release */ = {
			isa = XCBuildConfiguration;
			buildSettings = {
				ALWAYS_EMBED_SWIFT_STANDARD_LIBRARIES = YES;
				BUNDLE_LOADER = "$(TEST_HOST)";
				CODE_SIGN_STYLE = Automatic;
				CURRENT_PROJECT_VERSION = 1;
				DEVELOPMENT_TEAM = LDZV5X4959;
				GENERATE_INFOPLIST_FILE = YES;
				IPHONEOS_DEPLOYMENT_TARGET = 15.0;
				LD_RUNPATH_SEARCH_PATHS = (
					"$(inherited)",
					"@executable_path/Frameworks",
					"@loader_path/Frameworks",
				);
				MARKETING_VERSION = 1.0;
				PRODUCT_BUNDLE_IDENTIFIER = com.javiertorne.MagicJTHTests;
				PRODUCT_NAME = "$(TARGET_NAME)";
				SWIFT_EMIT_LOC_STRINGS = NO;
				SWIFT_VERSION = 5.0;
				TARGETED_DEVICE_FAMILY = "1,2";
				TEST_HOST = "$(BUILT_PRODUCTS_DIR)/MagicJTH.app/MagicJTH";
			};
			name = Release;
		};
		77B7E19027789097008BB7FA /* Debug */ = {
			isa = XCBuildConfiguration;
			buildSettings = {
				ALWAYS_EMBED_SWIFT_STANDARD_LIBRARIES = YES;
				CODE_SIGN_STYLE = Automatic;
				CURRENT_PROJECT_VERSION = 1;
				DEVELOPMENT_TEAM = LDZV5X4959;
				GENERATE_INFOPLIST_FILE = YES;
				LD_RUNPATH_SEARCH_PATHS = (
					"$(inherited)",
					"@executable_path/Frameworks",
					"@loader_path/Frameworks",
				);
				MARKETING_VERSION = 1.0;
				PRODUCT_BUNDLE_IDENTIFIER = com.javiertorne.MagicJTHUITests;
				PRODUCT_NAME = "$(TARGET_NAME)";
				SWIFT_EMIT_LOC_STRINGS = NO;
				SWIFT_VERSION = 5.0;
				TARGETED_DEVICE_FAMILY = "1,2";
				TEST_TARGET_NAME = MagicJTH;
			};
			name = Debug;
		};
		77B7E19127789097008BB7FA /* Release */ = {
			isa = XCBuildConfiguration;
			buildSettings = {
				ALWAYS_EMBED_SWIFT_STANDARD_LIBRARIES = YES;
				CODE_SIGN_STYLE = Automatic;
				CURRENT_PROJECT_VERSION = 1;
				DEVELOPMENT_TEAM = LDZV5X4959;
				GENERATE_INFOPLIST_FILE = YES;
				LD_RUNPATH_SEARCH_PATHS = (
					"$(inherited)",
					"@executable_path/Frameworks",
					"@loader_path/Frameworks",
				);
				MARKETING_VERSION = 1.0;
				PRODUCT_BUNDLE_IDENTIFIER = com.javiertorne.MagicJTHUITests;
				PRODUCT_NAME = "$(TARGET_NAME)";
				SWIFT_EMIT_LOC_STRINGS = NO;
				SWIFT_VERSION = 5.0;
				TARGETED_DEVICE_FAMILY = "1,2";
				TEST_TARGET_NAME = MagicJTH;
			};
			name = Release;
		};
/* End XCBuildConfiguration section */

/* Begin XCConfigurationList section */
		77B7E15A27789095008BB7FA /* Build configuration list for PBXProject "MagicJTH" */ = {
			isa = XCConfigurationList;
			buildConfigurations = (
				77B7E18727789097008BB7FA /* Debug */,
				77B7E18827789097008BB7FA /* Release */,
			);
			defaultConfigurationIsVisible = 0;
			defaultConfigurationName = Release;
		};
		77B7E18927789097008BB7FA /* Build configuration list for PBXNativeTarget "MagicJTH" */ = {
			isa = XCConfigurationList;
			buildConfigurations = (
				77B7E18A27789097008BB7FA /* Debug */,
				77B7E18B27789097008BB7FA /* Release */,
			);
			defaultConfigurationIsVisible = 0;
			defaultConfigurationName = Release;
		};
		77B7E18C27789097008BB7FA /* Build configuration list for PBXNativeTarget "MagicJTHTests" */ = {
			isa = XCConfigurationList;
			buildConfigurations = (
				77B7E18D27789097008BB7FA /* Debug */,
				77B7E18E27789097008BB7FA /* Release */,
			);
			defaultConfigurationIsVisible = 0;
			defaultConfigurationName = Release;
		};
		77B7E18F27789097008BB7FA /* Build configuration list for PBXNativeTarget "MagicJTHUITests" */ = {
			isa = XCConfigurationList;
			buildConfigurations = (
				77B7E19027789097008BB7FA /* Debug */,
				77B7E19127789097008BB7FA /* Release */,
			);
			defaultConfigurationIsVisible = 0;
			defaultConfigurationName = Release;
		};
/* End XCConfigurationList section */
	};
	rootObject = 77B7E15727789095008BB7FA /* Project object */;
}
